// !$*UTF8*$!
{
	archiveVersion = 1;
	classes = {
	};
	objectVersion = 56;
	objects = {

/* Begin PBXBuildFile section */
		ADB58A3B2AACCAE600B540F4 /* iOSARWalkingApp.swift in Sources */ = {isa = PBXBuildFile; fileRef = ADB58A3A2AACCAE600B540F4 /* iOSARWalkingApp.swift */; };
		ADB58A3F2AACCAE900B540F4 /* Assets.xcassets in Resources */ = {isa = PBXBuildFile; fileRef = ADB58A3E2AACCAE900B540F4 /* Assets.xcassets */; };
		ADB58A422AACCAE900B540F4 /* Preview Assets.xcassets in Resources */ = {isa = PBXBuildFile; fileRef = ADB58A412AACCAE900B540F4 /* Preview Assets.xcassets */; };
		ADB58A4C2AACCAE900B540F4 /* iOSARWalkingTests.swift in Sources */ = {isa = PBXBuildFile; fileRef = ADB58A4B2AACCAE900B540F4 /* iOSARWalkingTests.swift */; };
		ADB58A562AACCAE900B540F4 /* iOSARWalkingUITests.swift in Sources */ = {isa = PBXBuildFile; fileRef = ADB58A552AACCAE900B540F4 /* iOSARWalkingUITests.swift */; };
		ADB58A582AACCAE900B540F4 /* iOSARWalkingUITestsLaunchTests.swift in Sources */ = {isa = PBXBuildFile; fileRef = ADB58A572AACCAE900B540F4 /* iOSARWalkingUITestsLaunchTests.swift */; };
		ADB58A702AACCD0C00B540F4 /* FloorMapManager.swift in Sources */ = {isa = PBXBuildFile; fileRef = ADB58A642AACCD0C00B540F4 /* FloorMapManager.swift */; };
		ADB58A712AACCD0C00B540F4 /* ARWalkingZoneSurface.swift in Sources */ = {isa = PBXBuildFile; fileRef = ADB58A652AACCD0C00B540F4 /* ARWalkingZoneSurface.swift */; };
		ADB58A722AACCD0C00B540F4 /* DestinationSelectionView.swift in Sources */ = {isa = PBXBuildFile; fileRef = ADB58A662AACCD0C00B540F4 /* DestinationSelectionView.swift */; };
		ADB58A732AACCD0C00B540F4 /* IndoorMapView.swift in Sources */ = {isa = PBXBuildFile; fileRef = ADB58A672AACCD0C00B540F4 /* IndoorMapView.swift */; };
		ADB58A742AACCD0C00B540F4 /* MLCPDemoMapManager.swift in Sources */ = {isa = PBXBuildFile; fileRef = ADB58A682AACCD0C00B540F4 /* MLCPDemoMapManager.swift */; };
		ADB58A752AACCD0C00B540F4 /* sound.mp3 in Resources */ = {isa = PBXBuildFile; fileRef = ADB58A692AACCD0C00B540F4 /* sound.mp3 */; };
		ADB58A762AACCD0C00B540F4 /* ARWalkingZoneRay.swift in Sources */ = {isa = PBXBuildFile; fileRef = ADB58A6A2AACCD0C00B540F4 /* ARWalkingZoneRay.swift */; };
		ADB58A772AACCD0C00B540F4 /* BluetoothLEView.swift in Sources */ = {isa = PBXBuildFile; fileRef = ADB58A6B2AACCD0C00B540F4 /* BluetoothLEView.swift */; };
		ADB58A782AACCD0C00B540F4 /* NavigationManager.swift in Sources */ = {isa = PBXBuildFile; fileRef = ADB58A6C2AACCD0C00B540F4 /* NavigationManager.swift */; };
		ADB58A792AACCD0C00B540F4 /* ARWalkingView.swift in Sources */ = {isa = PBXBuildFile; fileRef = ADB58A6D2AACCD0C00B540F4 /* ARWalkingView.swift */; };
		ADB58A7A2AACCD0C00B540F4 /* ARWalkingZone.swift in Sources */ = {isa = PBXBuildFile; fileRef = ADB58A6E2AACCD0C00B540F4 /* ARWalkingZone.swift */; };
		ADB58A7B2AACCD0C00B540F4 /* CGPoint+Extension.swift in Sources */ = {isa = PBXBuildFile; fileRef = ADB58A6F2AACCD0C00B540F4 /* CGPoint+Extension.swift */; };
		ADB58A852AACF0C000B540F4 /* RealityKitContent in Frameworks */ = {isa = PBXBuildFile; productRef = ADB58A842AACF0C000B540F4 /* RealityKitContent */; };
		ADB58A872AACF0C000B540F4 /* visionARWalkingApp.swift in Sources */ = {isa = PBXBuildFile; fileRef = ADB58A862AACF0C000B540F4 /* visionARWalkingApp.swift */; };
		ADB58A892AACF0C000B540F4 /* ContentView.swift in Sources */ = {isa = PBXBuildFile; fileRef = ADB58A882AACF0C000B540F4 /* ContentView.swift */; };
		ADB58A8B2AACF0C000B540F4 /* ImmersiveView.swift in Sources */ = {isa = PBXBuildFile; fileRef = ADB58A8A2AACF0C000B540F4 /* ImmersiveView.swift */; };
		ADB58A8D2AACF0C000B540F4 /* ImageBasedLighting.skybox in Resources */ = {isa = PBXBuildFile; fileRef = ADB58A8C2AACF0C000B540F4 /* ImageBasedLighting.skybox */; };
		ADB58A8F2AACF0C400B540F4 /* Assets.xcassets in Resources */ = {isa = PBXBuildFile; fileRef = ADB58A8E2AACF0C400B540F4 /* Assets.xcassets */; };
		ADB58A922AACF0C400B540F4 /* Preview Assets.xcassets in Resources */ = {isa = PBXBuildFile; fileRef = ADB58A912AACF0C400B540F4 /* Preview Assets.xcassets */; };
		ADB58A9C2AACF0C400B540F4 /* visionARWalkingTests.swift in Sources */ = {isa = PBXBuildFile; fileRef = ADB58A9B2AACF0C400B540F4 /* visionARWalkingTests.swift */; };
		ADCE2D022AAF6596004E90D4 /* ARWalkingZoneSurface.swift in Sources */ = {isa = PBXBuildFile; fileRef = ADCE2D002AAF6596004E90D4 /* ARWalkingZoneSurface.swift */; };
		ADCE2D032AAF6596004E90D4 /* ARWalkingZone.swift in Sources */ = {isa = PBXBuildFile; fileRef = ADCE2D012AAF6596004E90D4 /* ARWalkingZone.swift */; };
		ADCE2D052AAF69B5004E90D4 /* ARWalkingZoneRay.swift in Sources */ = {isa = PBXBuildFile; fileRef = ADCE2D042AAF69B5004E90D4 /* ARWalkingZoneRay.swift */; };
/* End PBXBuildFile section */

/* Begin PBXContainerItemProxy section */
		ADB58A482AACCAE900B540F4 /* PBXContainerItemProxy */ = {
			isa = PBXContainerItemProxy;
			containerPortal = ADB58A2F2AACCAE600B540F4 /* Project object */;
			proxyType = 1;
			remoteGlobalIDString = ADB58A362AACCAE600B540F4;
			remoteInfo = ARWalking;
		};
		ADB58A522AACCAE900B540F4 /* PBXContainerItemProxy */ = {
			isa = PBXContainerItemProxy;
			containerPortal = ADB58A2F2AACCAE600B540F4 /* Project object */;
			proxyType = 1;
			remoteGlobalIDString = ADB58A362AACCAE600B540F4;
			remoteInfo = ARWalking;
		};
		ADB58A982AACF0C400B540F4 /* PBXContainerItemProxy */ = {
			isa = PBXContainerItemProxy;
			containerPortal = ADB58A2F2AACCAE600B540F4 /* Project object */;
			proxyType = 1;
			remoteGlobalIDString = ADB58A7F2AACF0BF00B540F4;
			remoteInfo = visionARWalking;
		};
/* End PBXContainerItemProxy section */

/* Begin PBXFileReference section */
		ADB58A372AACCAE600B540F4 /* iOSARWalking.app */ = {isa = PBXFileReference; explicitFileType = wrapper.application; includeInIndex = 0; path = iOSARWalking.app; sourceTree = BUILT_PRODUCTS_DIR; };
		ADB58A3A2AACCAE600B540F4 /* iOSARWalkingApp.swift */ = {isa = PBXFileReference; lastKnownFileType = sourcecode.swift; path = iOSARWalkingApp.swift; sourceTree = "<group>"; };
		ADB58A3E2AACCAE900B540F4 /* Assets.xcassets */ = {isa = PBXFileReference; lastKnownFileType = folder.assetcatalog; path = Assets.xcassets; sourceTree = "<group>"; };
		ADB58A412AACCAE900B540F4 /* Preview Assets.xcassets */ = {isa = PBXFileReference; lastKnownFileType = folder.assetcatalog; path = "Preview Assets.xcassets"; sourceTree = "<group>"; };
		ADB58A472AACCAE900B540F4 /* iOSARWalkingTests.xctest */ = {isa = PBXFileReference; explicitFileType = wrapper.cfbundle; includeInIndex = 0; path = iOSARWalkingTests.xctest; sourceTree = BUILT_PRODUCTS_DIR; };
		ADB58A4B2AACCAE900B540F4 /* iOSARWalkingTests.swift */ = {isa = PBXFileReference; lastKnownFileType = sourcecode.swift; path = iOSARWalkingTests.swift; sourceTree = "<group>"; };
		ADB58A512AACCAE900B540F4 /* iOSARWalkingUITests.xctest */ = {isa = PBXFileReference; explicitFileType = wrapper.cfbundle; includeInIndex = 0; path = iOSARWalkingUITests.xctest; sourceTree = BUILT_PRODUCTS_DIR; };
		ADB58A552AACCAE900B540F4 /* iOSARWalkingUITests.swift */ = {isa = PBXFileReference; lastKnownFileType = sourcecode.swift; path = iOSARWalkingUITests.swift; sourceTree = "<group>"; };
		ADB58A572AACCAE900B540F4 /* iOSARWalkingUITestsLaunchTests.swift */ = {isa = PBXFileReference; lastKnownFileType = sourcecode.swift; path = iOSARWalkingUITestsLaunchTests.swift; sourceTree = "<group>"; };
		ADB58A642AACCD0C00B540F4 /* FloorMapManager.swift */ = {isa = PBXFileReference; fileEncoding = 4; lastKnownFileType = sourcecode.swift; path = FloorMapManager.swift; sourceTree = "<group>"; };
		ADB58A652AACCD0C00B540F4 /* ARWalkingZoneSurface.swift */ = {isa = PBXFileReference; fileEncoding = 4; lastKnownFileType = sourcecode.swift; path = ARWalkingZoneSurface.swift; sourceTree = "<group>"; };
		ADB58A662AACCD0C00B540F4 /* DestinationSelectionView.swift */ = {isa = PBXFileReference; fileEncoding = 4; lastKnownFileType = sourcecode.swift; path = DestinationSelectionView.swift; sourceTree = "<group>"; };
		ADB58A672AACCD0C00B540F4 /* IndoorMapView.swift */ = {isa = PBXFileReference; fileEncoding = 4; lastKnownFileType = sourcecode.swift; path = IndoorMapView.swift; sourceTree = "<group>"; };
		ADB58A682AACCD0C00B540F4 /* MLCPDemoMapManager.swift */ = {isa = PBXFileReference; fileEncoding = 4; lastKnownFileType = sourcecode.swift; path = MLCPDemoMapManager.swift; sourceTree = "<group>"; };
		ADB58A692AACCD0C00B540F4 /* sound.mp3 */ = {isa = PBXFileReference; lastKnownFileType = audio.mp3; path = sound.mp3; sourceTree = "<group>"; };
		ADB58A6A2AACCD0C00B540F4 /* ARWalkingZoneRay.swift */ = {isa = PBXFileReference; fileEncoding = 4; lastKnownFileType = sourcecode.swift; path = ARWalkingZoneRay.swift; sourceTree = "<group>"; };
		ADB58A6B2AACCD0C00B540F4 /* BluetoothLEView.swift */ = {isa = PBXFileReference; fileEncoding = 4; lastKnownFileType = sourcecode.swift; path = BluetoothLEView.swift; sourceTree = "<group>"; };
		ADB58A6C2AACCD0C00B540F4 /* NavigationManager.swift */ = {isa = PBXFileReference; fileEncoding = 4; lastKnownFileType = sourcecode.swift; path = NavigationManager.swift; sourceTree = "<group>"; };
		ADB58A6D2AACCD0C00B540F4 /* ARWalkingView.swift */ = {isa = PBXFileReference; fileEncoding = 4; lastKnownFileType = sourcecode.swift; path = ARWalkingView.swift; sourceTree = "<group>"; };
		ADB58A6E2AACCD0C00B540F4 /* ARWalkingZone.swift */ = {isa = PBXFileReference; fileEncoding = 4; lastKnownFileType = sourcecode.swift; path = ARWalkingZone.swift; sourceTree = "<group>"; };
		ADB58A6F2AACCD0C00B540F4 /* CGPoint+Extension.swift */ = {isa = PBXFileReference; fileEncoding = 4; lastKnownFileType = sourcecode.swift; path = "CGPoint+Extension.swift"; sourceTree = "<group>"; };
		ADB58A802AACF0BF00B540F4 /* visioniOSARWalking.app */ = {isa = PBXFileReference; explicitFileType = wrapper.application; includeInIndex = 0; path = visioniOSARWalking.app; sourceTree = BUILT_PRODUCTS_DIR; };
		ADB58A832AACF0C000B540F4 /* RealityKitContent */ = {isa = PBXFileReference; lastKnownFileType = wrapper; path = RealityKitContent; sourceTree = "<group>"; };
		ADB58A862AACF0C000B540F4 /* visionARWalkingApp.swift */ = {isa = PBXFileReference; lastKnownFileType = sourcecode.swift; path = visionARWalkingApp.swift; sourceTree = "<group>"; };
		ADB58A882AACF0C000B540F4 /* ContentView.swift */ = {isa = PBXFileReference; lastKnownFileType = sourcecode.swift; path = ContentView.swift; sourceTree = "<group>"; };
		ADB58A8A2AACF0C000B540F4 /* ImmersiveView.swift */ = {isa = PBXFileReference; lastKnownFileType = sourcecode.swift; path = ImmersiveView.swift; sourceTree = "<group>"; };
		ADB58A8C2AACF0C000B540F4 /* ImageBasedLighting.skybox */ = {isa = PBXFileReference; lastKnownFileType = file.skybox; path = ImageBasedLighting.skybox; sourceTree = "<group>"; };
		ADB58A8E2AACF0C400B540F4 /* Assets.xcassets */ = {isa = PBXFileReference; lastKnownFileType = folder.assetcatalog; path = Assets.xcassets; sourceTree = "<group>"; };
		ADB58A912AACF0C400B540F4 /* Preview Assets.xcassets */ = {isa = PBXFileReference; lastKnownFileType = folder.assetcatalog; path = "Preview Assets.xcassets"; sourceTree = "<group>"; };
		ADB58A972AACF0C400B540F4 /* visioniOSARWalkingTests.xctest */ = {isa = PBXFileReference; explicitFileType = wrapper.cfbundle; includeInIndex = 0; path = visioniOSARWalkingTests.xctest; sourceTree = BUILT_PRODUCTS_DIR; };
		ADB58A9B2AACF0C400B540F4 /* visionARWalkingTests.swift */ = {isa = PBXFileReference; lastKnownFileType = sourcecode.swift; path = visionARWalkingTests.swift; sourceTree = "<group>"; };
		ADB58AA42AAD1FF300B540F4 /* Info.plist */ = {isa = PBXFileReference; lastKnownFileType = text.plist; path = Info.plist; sourceTree = "<group>"; };
		ADCE2D002AAF6596004E90D4 /* ARWalkingZoneSurface.swift */ = {isa = PBXFileReference; fileEncoding = 4; lastKnownFileType = sourcecode.swift; path = ARWalkingZoneSurface.swift; sourceTree = "<group>"; };
		ADCE2D012AAF6596004E90D4 /* ARWalkingZone.swift */ = {isa = PBXFileReference; fileEncoding = 4; lastKnownFileType = sourcecode.swift; path = ARWalkingZone.swift; sourceTree = "<group>"; };
		ADCE2D042AAF69B5004E90D4 /* ARWalkingZoneRay.swift */ = {isa = PBXFileReference; fileEncoding = 4; lastKnownFileType = sourcecode.swift; path = ARWalkingZoneRay.swift; sourceTree = "<group>"; };
/* End PBXFileReference section */

/* Begin PBXFrameworksBuildPhase section */
		ADB58A342AACCAE600B540F4 /* Frameworks */ = {
			isa = PBXFrameworksBuildPhase;
			buildActionMask = 2147483647;
			files = (
			);
			runOnlyForDeploymentPostprocessing = 0;
		};
		ADB58A442AACCAE900B540F4 /* Frameworks */ = {
			isa = PBXFrameworksBuildPhase;
			buildActionMask = 2147483647;
			files = (
			);
			runOnlyForDeploymentPostprocessing = 0;
		};
		ADB58A4E2AACCAE900B540F4 /* Frameworks */ = {
			isa = PBXFrameworksBuildPhase;
			buildActionMask = 2147483647;
			files = (
			);
			runOnlyForDeploymentPostprocessing = 0;
		};
		ADB58A7D2AACF0BF00B540F4 /* Frameworks */ = {
			isa = PBXFrameworksBuildPhase;
			buildActionMask = 2147483647;
			files = (
				ADB58A852AACF0C000B540F4 /* RealityKitContent in Frameworks */,
			);
			runOnlyForDeploymentPostprocessing = 0;
		};
		ADB58A942AACF0C400B540F4 /* Frameworks */ = {
			isa = PBXFrameworksBuildPhase;
			buildActionMask = 2147483647;
			files = (
			);
			runOnlyForDeploymentPostprocessing = 0;
		};
/* End PBXFrameworksBuildPhase section */

/* Begin PBXGroup section */
		ADB58A2E2AACCAE600B540F4 = {
			isa = PBXGroup;
			children = (
				ADB58A392AACCAE600B540F4 /* iOSARWalking */,
				ADB58A4A2AACCAE900B540F4 /* iOSARWalkingTests */,
				ADB58A542AACCAE900B540F4 /* iOSARWalkingUITests */,
				ADB58A822AACF0C000B540F4 /* Packages */,
				ADB58A812AACF0C000B540F4 /* visionARWalking */,
				ADB58A9A2AACF0C400B540F4 /* visionARWalkingTests */,
				ADB58A382AACCAE600B540F4 /* Products */,
			);
			sourceTree = "<group>";
			usesTabs = 0;
		};
		ADB58A382AACCAE600B540F4 /* Products */ = {
			isa = PBXGroup;
			children = (
				ADB58A372AACCAE600B540F4 /* iOSARWalking.app */,
				ADB58A472AACCAE900B540F4 /* iOSARWalkingTests.xctest */,
				ADB58A512AACCAE900B540F4 /* iOSARWalkingUITests.xctest */,
				ADB58A802AACF0BF00B540F4 /* visioniOSARWalking.app */,
				ADB58A972AACF0C400B540F4 /* visioniOSARWalkingTests.xctest */,
			);
			name = Products;
			sourceTree = "<group>";
		};
		ADB58A392AACCAE600B540F4 /* iOSARWalking */ = {
			isa = PBXGroup;
			children = (
				ADB58AA42AAD1FF300B540F4 /* Info.plist */,
				ADB58A3A2AACCAE600B540F4 /* iOSARWalkingApp.swift */,
				ADB58A6D2AACCD0C00B540F4 /* ARWalkingView.swift */,
				ADB58A6E2AACCD0C00B540F4 /* ARWalkingZone.swift */,
				ADB58A6A2AACCD0C00B540F4 /* ARWalkingZoneRay.swift */,
				ADB58A652AACCD0C00B540F4 /* ARWalkingZoneSurface.swift */,
				ADB58A3E2AACCAE900B540F4 /* Assets.xcassets */,
				ADB58A6B2AACCD0C00B540F4 /* BluetoothLEView.swift */,
				ADB58A6F2AACCD0C00B540F4 /* CGPoint+Extension.swift */,
				ADB58A662AACCD0C00B540F4 /* DestinationSelectionView.swift */,
				ADB58A642AACCD0C00B540F4 /* FloorMapManager.swift */,
				ADB58A672AACCD0C00B540F4 /* IndoorMapView.swift */,
				ADB58A682AACCD0C00B540F4 /* MLCPDemoMapManager.swift */,
				ADB58A6C2AACCD0C00B540F4 /* NavigationManager.swift */,
				ADB58A402AACCAE900B540F4 /* Preview Content */,
				ADB58A692AACCD0C00B540F4 /* sound.mp3 */,
			);
			path = iOSARWalking;
			sourceTree = "<group>";
		};
		ADB58A402AACCAE900B540F4 /* Preview Content */ = {
			isa = PBXGroup;
			children = (
				ADB58A412AACCAE900B540F4 /* Preview Assets.xcassets */,
			);
			path = "Preview Content";
			sourceTree = "<group>";
		};
		ADB58A4A2AACCAE900B540F4 /* iOSARWalkingTests */ = {
			isa = PBXGroup;
			children = (
				ADB58A4B2AACCAE900B540F4 /* iOSARWalkingTests.swift */,
			);
			path = iOSARWalkingTests;
			sourceTree = "<group>";
		};
		ADB58A542AACCAE900B540F4 /* iOSARWalkingUITests */ = {
			isa = PBXGroup;
			children = (
				ADB58A552AACCAE900B540F4 /* iOSARWalkingUITests.swift */,
				ADB58A572AACCAE900B540F4 /* iOSARWalkingUITestsLaunchTests.swift */,
			);
			path = iOSARWalkingUITests;
			sourceTree = "<group>";
		};
		ADB58A812AACF0C000B540F4 /* visionARWalking */ = {
			isa = PBXGroup;
			children = (
				ADCE2D012AAF6596004E90D4 /* ARWalkingZone.swift */,
				ADCE2D042AAF69B5004E90D4 /* ARWalkingZoneRay.swift */,
				ADCE2D002AAF6596004E90D4 /* ARWalkingZoneSurface.swift */,
				ADB58A882AACF0C000B540F4 /* ContentView.swift */,
				ADB58A8A2AACF0C000B540F4 /* ImmersiveView.swift */,
				ADB58A862AACF0C000B540F4 /* visionARWalkingApp.swift */,
				ADB58A8C2AACF0C000B540F4 /* ImageBasedLighting.skybox */,
				ADB58A8E2AACF0C400B540F4 /* Assets.xcassets */,
				ADB58A902AACF0C400B540F4 /* Preview Content */,
			);
			path = visionARWalking;
			sourceTree = "<group>";
		};
		ADB58A822AACF0C000B540F4 /* Packages */ = {
			isa = PBXGroup;
			children = (
				ADB58A832AACF0C000B540F4 /* RealityKitContent */,
			);
			path = Packages;
			sourceTree = "<group>";
		};
		ADB58A902AACF0C400B540F4 /* Preview Content */ = {
			isa = PBXGroup;
			children = (
				ADB58A912AACF0C400B540F4 /* Preview Assets.xcassets */,
			);
			path = "Preview Content";
			sourceTree = "<group>";
		};
		ADB58A9A2AACF0C400B540F4 /* visionARWalkingTests */ = {
			isa = PBXGroup;
			children = (
				ADB58A9B2AACF0C400B540F4 /* visionARWalkingTests.swift */,
			);
			path = visionARWalkingTests;
			sourceTree = "<group>";
		};
/* End PBXGroup section */

/* Begin PBXNativeTarget section */
		ADB58A362AACCAE600B540F4 /* iOSARWalking */ = {
			isa = PBXNativeTarget;
			buildConfigurationList = ADB58A5B2AACCAE900B540F4 /* Build configuration list for PBXNativeTarget "iOSARWalking" */;
			buildPhases = (
				ADB58A332AACCAE600B540F4 /* Sources */,
				ADB58A342AACCAE600B540F4 /* Frameworks */,
				ADB58A352AACCAE600B540F4 /* Resources */,
			);
			buildRules = (
			);
			dependencies = (
			);
			name = iOSARWalking;
			productName = ARWalking;
			productReference = ADB58A372AACCAE600B540F4 /* iOSARWalking.app */;
			productType = "com.apple.product-type.application";
		};
		ADB58A462AACCAE900B540F4 /* iOSARWalkingTests */ = {
			isa = PBXNativeTarget;
			buildConfigurationList = ADB58A5E2AACCAE900B540F4 /* Build configuration list for PBXNativeTarget "iOSARWalkingTests" */;
			buildPhases = (
				ADB58A432AACCAE900B540F4 /* Sources */,
				ADB58A442AACCAE900B540F4 /* Frameworks */,
				ADB58A452AACCAE900B540F4 /* Resources */,
			);
			buildRules = (
			);
			dependencies = (
				ADB58A492AACCAE900B540F4 /* PBXTargetDependency */,
			);
			name = iOSARWalkingTests;
			productName = ARWalkingTests;
			productReference = ADB58A472AACCAE900B540F4 /* iOSARWalkingTests.xctest */;
			productType = "com.apple.product-type.bundle.unit-test";
		};
		ADB58A502AACCAE900B540F4 /* iOSARWalkingUITests */ = {
			isa = PBXNativeTarget;
			buildConfigurationList = ADB58A612AACCAE900B540F4 /* Build configuration list for PBXNativeTarget "iOSARWalkingUITests" */;
			buildPhases = (
				ADB58A4D2AACCAE900B540F4 /* Sources */,
				ADB58A4E2AACCAE900B540F4 /* Frameworks */,
				ADB58A4F2AACCAE900B540F4 /* Resources */,
			);
			buildRules = (
			);
			dependencies = (
				ADB58A532AACCAE900B540F4 /* PBXTargetDependency */,
			);
			name = iOSARWalkingUITests;
			productName = ARWalkingUITests;
			productReference = ADB58A512AACCAE900B540F4 /* iOSARWalkingUITests.xctest */;
			productType = "com.apple.product-type.bundle.ui-testing";
		};
		ADB58A7F2AACF0BF00B540F4 /* visioniOSARWalking */ = {
			isa = PBXNativeTarget;
			buildConfigurationList = ADB58A9D2AACF0C400B540F4 /* Build configuration list for PBXNativeTarget "visioniOSARWalking" */;
			buildPhases = (
				ADB58A7C2AACF0BF00B540F4 /* Sources */,
				ADB58A7D2AACF0BF00B540F4 /* Frameworks */,
				ADB58A7E2AACF0BF00B540F4 /* Resources */,
			);
			buildRules = (
			);
			dependencies = (
			);
			name = visioniOSARWalking;
			packageProductDependencies = (
				ADB58A842AACF0C000B540F4 /* RealityKitContent */,
			);
			productName = visionARWalking;
			productReference = ADB58A802AACF0BF00B540F4 /* visioniOSARWalking.app */;
			productType = "com.apple.product-type.application";
		};
		ADB58A962AACF0C400B540F4 /* visioniOSARWalkingTests */ = {
			isa = PBXNativeTarget;
			buildConfigurationList = ADB58AA02AACF0C400B540F4 /* Build configuration list for PBXNativeTarget "visioniOSARWalkingTests" */;
			buildPhases = (
				ADB58A932AACF0C400B540F4 /* Sources */,
				ADB58A942AACF0C400B540F4 /* Frameworks */,
				ADB58A952AACF0C400B540F4 /* Resources */,
			);
			buildRules = (
			);
			dependencies = (
				ADB58A992AACF0C400B540F4 /* PBXTargetDependency */,
			);
			name = visioniOSARWalkingTests;
			productName = visionARWalkingTests;
			productReference = ADB58A972AACF0C400B540F4 /* visioniOSARWalkingTests.xctest */;
			productType = "com.apple.product-type.bundle.unit-test";
		};
/* End PBXNativeTarget section */

/* Begin PBXProject section */
		ADB58A2F2AACCAE600B540F4 /* Project object */ = {
			isa = PBXProject;
			attributes = {
				BuildIndependentTargetsInParallel = 1;
				LastSwiftUpdateCheck = 1500;
				LastUpgradeCheck = 1500;
				TargetAttributes = {
					ADB58A362AACCAE600B540F4 = {
						CreatedOnToolsVersion = 15.0;
					};
					ADB58A462AACCAE900B540F4 = {
						CreatedOnToolsVersion = 15.0;
						TestTargetID = ADB58A362AACCAE600B540F4;
					};
					ADB58A502AACCAE900B540F4 = {
						CreatedOnToolsVersion = 15.0;
						TestTargetID = ADB58A362AACCAE600B540F4;
					};
					ADB58A7F2AACF0BF00B540F4 = {
						CreatedOnToolsVersion = 15.0;
					};
					ADB58A962AACF0C400B540F4 = {
						CreatedOnToolsVersion = 15.0;
						TestTargetID = ADB58A7F2AACF0BF00B540F4;
					};
				};
			};
			buildConfigurationList = ADB58A322AACCAE600B540F4 /* Build configuration list for PBXProject "ARWalking" */;
			compatibilityVersion = "Xcode 14.0";
			developmentRegion = en;
			hasScannedForEncodings = 0;
			knownRegions = (
				en,
				Base,
			);
			mainGroup = ADB58A2E2AACCAE600B540F4;
			productRefGroup = ADB58A382AACCAE600B540F4 /* Products */;
			projectDirPath = "";
			projectRoot = "";
			targets = (
				ADB58A362AACCAE600B540F4 /* iOSARWalking */,
				ADB58A462AACCAE900B540F4 /* iOSARWalkingTests */,
				ADB58A502AACCAE900B540F4 /* iOSARWalkingUITests */,
				ADB58A7F2AACF0BF00B540F4 /* visioniOSARWalking */,
				ADB58A962AACF0C400B540F4 /* visioniOSARWalkingTests */,
			);
		};
/* End PBXProject section */

/* Begin PBXResourcesBuildPhase section */
		ADB58A352AACCAE600B540F4 /* Resources */ = {
			isa = PBXResourcesBuildPhase;
			buildActionMask = 2147483647;
			files = (
				ADB58A422AACCAE900B540F4 /* Preview Assets.xcassets in Resources */,
				ADB58A752AACCD0C00B540F4 /* sound.mp3 in Resources */,
				ADB58A3F2AACCAE900B540F4 /* Assets.xcassets in Resources */,
			);
			runOnlyForDeploymentPostprocessing = 0;
		};
		ADB58A452AACCAE900B540F4 /* Resources */ = {
			isa = PBXResourcesBuildPhase;
			buildActionMask = 2147483647;
			files = (
			);
			runOnlyForDeploymentPostprocessing = 0;
		};
		ADB58A4F2AACCAE900B540F4 /* Resources */ = {
			isa = PBXResourcesBuildPhase;
			buildActionMask = 2147483647;
			files = (
			);
			runOnlyForDeploymentPostprocessing = 0;
		};
		ADB58A7E2AACF0BF00B540F4 /* Resources */ = {
			isa = PBXResourcesBuildPhase;
			buildActionMask = 2147483647;
			files = (
				ADB58A8F2AACF0C400B540F4 /* Assets.xcassets in Resources */,
				ADB58A922AACF0C400B540F4 /* Preview Assets.xcassets in Resources */,
				ADB58A8D2AACF0C000B540F4 /* ImageBasedLighting.skybox in Resources */,
			);
			runOnlyForDeploymentPostprocessing = 0;
		};
		ADB58A952AACF0C400B540F4 /* Resources */ = {
			isa = PBXResourcesBuildPhase;
			buildActionMask = 2147483647;
			files = (
			);
			runOnlyForDeploymentPostprocessing = 0;
		};
/* End PBXResourcesBuildPhase section */

/* Begin PBXSourcesBuildPhase section */
		ADB58A332AACCAE600B540F4 /* Sources */ = {
			isa = PBXSourcesBuildPhase;
			buildActionMask = 2147483647;
			files = (
				ADB58A722AACCD0C00B540F4 /* DestinationSelectionView.swift in Sources */,
				ADB58A762AACCD0C00B540F4 /* ARWalkingZoneRay.swift in Sources */,
				ADB58A772AACCD0C00B540F4 /* BluetoothLEView.swift in Sources */,
				ADB58A742AACCD0C00B540F4 /* MLCPDemoMapManager.swift in Sources */,
				ADB58A3B2AACCAE600B540F4 /* iOSARWalkingApp.swift in Sources */,
				ADB58A7A2AACCD0C00B540F4 /* ARWalkingZone.swift in Sources */,
				ADB58A712AACCD0C00B540F4 /* ARWalkingZoneSurface.swift in Sources */,
				ADB58A732AACCD0C00B540F4 /* IndoorMapView.swift in Sources */,
				ADB58A7B2AACCD0C00B540F4 /* CGPoint+Extension.swift in Sources */,
				ADB58A792AACCD0C00B540F4 /* ARWalkingView.swift in Sources */,
				ADB58A702AACCD0C00B540F4 /* FloorMapManager.swift in Sources */,
				ADB58A782AACCD0C00B540F4 /* NavigationManager.swift in Sources */,
			);
			runOnlyForDeploymentPostprocessing = 0;
		};
		ADB58A432AACCAE900B540F4 /* Sources */ = {
			isa = PBXSourcesBuildPhase;
			buildActionMask = 2147483647;
			files = (
				ADB58A4C2AACCAE900B540F4 /* iOSARWalkingTests.swift in Sources */,
			);
			runOnlyForDeploymentPostprocessing = 0;
		};
		ADB58A4D2AACCAE900B540F4 /* Sources */ = {
			isa = PBXSourcesBuildPhase;
			buildActionMask = 2147483647;
			files = (
				ADB58A562AACCAE900B540F4 /* iOSARWalkingUITests.swift in Sources */,
				ADB58A582AACCAE900B540F4 /* iOSARWalkingUITestsLaunchTests.swift in Sources */,
			);
			runOnlyForDeploymentPostprocessing = 0;
		};
		ADB58A7C2AACF0BF00B540F4 /* Sources */ = {
			isa = PBXSourcesBuildPhase;
			buildActionMask = 2147483647;
			files = (
				ADB58A892AACF0C000B540F4 /* ContentView.swift in Sources */,
				ADCE2D032AAF6596004E90D4 /* ARWalkingZone.swift in Sources */,
				ADB58A872AACF0C000B540F4 /* visionARWalkingApp.swift in Sources */,
				ADCE2D022AAF6596004E90D4 /* ARWalkingZoneSurface.swift in Sources */,
				ADB58A8B2AACF0C000B540F4 /* ImmersiveView.swift in Sources */,
				ADCE2D052AAF69B5004E90D4 /* ARWalkingZoneRay.swift in Sources */,
			);
			runOnlyForDeploymentPostprocessing = 0;
		};
		ADB58A932AACF0C400B540F4 /* Sources */ = {
			isa = PBXSourcesBuildPhase;
			buildActionMask = 2147483647;
			files = (
				ADB58A9C2AACF0C400B540F4 /* visionARWalkingTests.swift in Sources */,
			);
			runOnlyForDeploymentPostprocessing = 0;
		};
/* End PBXSourcesBuildPhase section */

/* Begin PBXTargetDependency section */
		ADB58A492AACCAE900B540F4 /* PBXTargetDependency */ = {
			isa = PBXTargetDependency;
			target = ADB58A362AACCAE600B540F4 /* iOSARWalking */;
			targetProxy = ADB58A482AACCAE900B540F4 /* PBXContainerItemProxy */;
		};
		ADB58A532AACCAE900B540F4 /* PBXTargetDependency */ = {
			isa = PBXTargetDependency;
			target = ADB58A362AACCAE600B540F4 /* iOSARWalking */;
			targetProxy = ADB58A522AACCAE900B540F4 /* PBXContainerItemProxy */;
		};
		ADB58A992AACF0C400B540F4 /* PBXTargetDependency */ = {
			isa = PBXTargetDependency;
			target = ADB58A7F2AACF0BF00B540F4 /* visioniOSARWalking */;
			targetProxy = ADB58A982AACF0C400B540F4 /* PBXContainerItemProxy */;
		};
/* End PBXTargetDependency section */

/* Begin XCBuildConfiguration section */
		ADB58A592AACCAE900B540F4 /* Debug */ = {
			isa = XCBuildConfiguration;
			buildSettings = {
				ALWAYS_SEARCH_USER_PATHS = NO;
				ASSETCATALOG_COMPILER_GENERATE_SWIFT_ASSET_SYMBOL_EXTENSIONS = YES;
				CLANG_ANALYZER_NONNULL = YES;
				CLANG_ANALYZER_NUMBER_OBJECT_CONVERSION = YES_AGGRESSIVE;
				CLANG_CXX_LANGUAGE_STANDARD = "gnu++20";
				CLANG_ENABLE_MODULES = YES;
				CLANG_ENABLE_OBJC_ARC = YES;
				CLANG_ENABLE_OBJC_WEAK = YES;
				CLANG_WARN_BLOCK_CAPTURE_AUTORELEASING = YES;
				CLANG_WARN_BOOL_CONVERSION = YES;
				CLANG_WARN_COMMA = YES;
				CLANG_WARN_CONSTANT_CONVERSION = YES;
				CLANG_WARN_DEPRECATED_OBJC_IMPLEMENTATIONS = YES;
				CLANG_WARN_DIRECT_OBJC_ISA_USAGE = YES_ERROR;
				CLANG_WARN_DOCUMENTATION_COMMENTS = YES;
				CLANG_WARN_EMPTY_BODY = YES;
				CLANG_WARN_ENUM_CONVERSION = YES;
				CLANG_WARN_INFINITE_RECURSION = YES;
				CLANG_WARN_INT_CONVERSION = YES;
				CLANG_WARN_NON_LITERAL_NULL_CONVERSION = YES;
				CLANG_WARN_OBJC_IMPLICIT_RETAIN_SELF = YES;
				CLANG_WARN_OBJC_LITERAL_CONVERSION = YES;
				CLANG_WARN_OBJC_ROOT_CLASS = YES_ERROR;
				CLANG_WARN_QUOTED_INCLUDE_IN_FRAMEWORK_HEADER = YES;
				CLANG_WARN_RANGE_LOOP_ANALYSIS = YES;
				CLANG_WARN_STRICT_PROTOTYPES = YES;
				CLANG_WARN_SUSPICIOUS_MOVE = YES;
				CLANG_WARN_UNGUARDED_AVAILABILITY = YES_AGGRESSIVE;
				CLANG_WARN_UNREACHABLE_CODE = YES;
				CLANG_WARN__DUPLICATE_METHOD_MATCH = YES;
				COPY_PHASE_STRIP = NO;
				DEBUG_INFORMATION_FORMAT = dwarf;
				ENABLE_STRICT_OBJC_MSGSEND = YES;
				ENABLE_TESTABILITY = YES;
				ENABLE_USER_SCRIPT_SANDBOXING = YES;
				GCC_C_LANGUAGE_STANDARD = gnu17;
				GCC_DYNAMIC_NO_PIC = NO;
				GCC_NO_COMMON_BLOCKS = YES;
				GCC_OPTIMIZATION_LEVEL = 0;
				GCC_PREPROCESSOR_DEFINITIONS = (
					"DEBUG=1",
					"$(inherited)",
				);
				GCC_WARN_64_TO_32_BIT_CONVERSION = YES;
				GCC_WARN_ABOUT_RETURN_TYPE = YES_ERROR;
				GCC_WARN_UNDECLARED_SELECTOR = YES;
				GCC_WARN_UNINITIALIZED_AUTOS = YES_AGGRESSIVE;
				GCC_WARN_UNUSED_FUNCTION = YES;
				GCC_WARN_UNUSED_VARIABLE = YES;
				IPHONEOS_DEPLOYMENT_TARGET = 16.0;
				LOCALIZATION_PREFERS_STRING_CATALOGS = YES;
				MTL_ENABLE_DEBUG_INFO = INCLUDE_SOURCE;
				MTL_FAST_MATH = YES;
				ONLY_ACTIVE_ARCH = YES;
				SDKROOT = iphoneos;
				SWIFT_ACTIVE_COMPILATION_CONDITIONS = "DEBUG $(inherited)";
				SWIFT_OPTIMIZATION_LEVEL = "-Onone";
			};
			name = Debug;
		};
		ADB58A5A2AACCAE900B540F4 /* Release */ = {
			isa = XCBuildConfiguration;
			buildSettings = {
				ALWAYS_SEARCH_USER_PATHS = NO;
				ASSETCATALOG_COMPILER_GENERATE_SWIFT_ASSET_SYMBOL_EXTENSIONS = YES;
				CLANG_ANALYZER_NONNULL = YES;
				CLANG_ANALYZER_NUMBER_OBJECT_CONVERSION = YES_AGGRESSIVE;
				CLANG_CXX_LANGUAGE_STANDARD = "gnu++20";
				CLANG_ENABLE_MODULES = YES;
				CLANG_ENABLE_OBJC_ARC = YES;
				CLANG_ENABLE_OBJC_WEAK = YES;
				CLANG_WARN_BLOCK_CAPTURE_AUTORELEASING = YES;
				CLANG_WARN_BOOL_CONVERSION = YES;
				CLANG_WARN_COMMA = YES;
				CLANG_WARN_CONSTANT_CONVERSION = YES;
				CLANG_WARN_DEPRECATED_OBJC_IMPLEMENTATIONS = YES;
				CLANG_WARN_DIRECT_OBJC_ISA_USAGE = YES_ERROR;
				CLANG_WARN_DOCUMENTATION_COMMENTS = YES;
				CLANG_WARN_EMPTY_BODY = YES;
				CLANG_WARN_ENUM_CONVERSION = YES;
				CLANG_WARN_INFINITE_RECURSION = YES;
				CLANG_WARN_INT_CONVERSION = YES;
				CLANG_WARN_NON_LITERAL_NULL_CONVERSION = YES;
				CLANG_WARN_OBJC_IMPLICIT_RETAIN_SELF = YES;
				CLANG_WARN_OBJC_LITERAL_CONVERSION = YES;
				CLANG_WARN_OBJC_ROOT_CLASS = YES_ERROR;
				CLANG_WARN_QUOTED_INCLUDE_IN_FRAMEWORK_HEADER = YES;
				CLANG_WARN_RANGE_LOOP_ANALYSIS = YES;
				CLANG_WARN_STRICT_PROTOTYPES = YES;
				CLANG_WARN_SUSPICIOUS_MOVE = YES;
				CLANG_WARN_UNGUARDED_AVAILABILITY = YES_AGGRESSIVE;
				CLANG_WARN_UNREACHABLE_CODE = YES;
				CLANG_WARN__DUPLICATE_METHOD_MATCH = YES;
				COPY_PHASE_STRIP = NO;
				DEBUG_INFORMATION_FORMAT = "dwarf-with-dsym";
				ENABLE_NS_ASSERTIONS = NO;
				ENABLE_STRICT_OBJC_MSGSEND = YES;
				ENABLE_USER_SCRIPT_SANDBOXING = YES;
				GCC_C_LANGUAGE_STANDARD = gnu17;
				GCC_NO_COMMON_BLOCKS = YES;
				GCC_WARN_64_TO_32_BIT_CONVERSION = YES;
				GCC_WARN_ABOUT_RETURN_TYPE = YES_ERROR;
				GCC_WARN_UNDECLARED_SELECTOR = YES;
				GCC_WARN_UNINITIALIZED_AUTOS = YES_AGGRESSIVE;
				GCC_WARN_UNUSED_FUNCTION = YES;
				GCC_WARN_UNUSED_VARIABLE = YES;
				IPHONEOS_DEPLOYMENT_TARGET = 16.0;
				LOCALIZATION_PREFERS_STRING_CATALOGS = YES;
				MTL_ENABLE_DEBUG_INFO = NO;
				MTL_FAST_MATH = YES;
				SDKROOT = iphoneos;
				SWIFT_COMPILATION_MODE = wholemodule;
				VALIDATE_PRODUCT = YES;
			};
			name = Release;
		};
		ADB58A5C2AACCAE900B540F4 /* Debug */ = {
			isa = XCBuildConfiguration;
			buildSettings = {
				ASSETCATALOG_COMPILER_APPICON_NAME = AppIcon;
				ASSETCATALOG_COMPILER_GLOBAL_ACCENT_COLOR_NAME = AccentColor;
				CODE_SIGN_STYLE = Automatic;
				CURRENT_PROJECT_VERSION = 1;
				DEVELOPMENT_ASSET_PATHS = "\"iOSARWalking/Preview Content\"";
				DEVELOPMENT_TEAM = WFYU4A59H8;
				ENABLE_PREVIEWS = YES;
				GENERATE_INFOPLIST_FILE = YES;
				INFOPLIST_FILE = iOSARWalking/Info.plist;
				INFOPLIST_KEY_CFBundleDisplayName = ARWalking;
				INFOPLIST_KEY_NSBluetoothAlwaysUsageDescription = "Need for location";
				INFOPLIST_KEY_NSBluetoothPeripheralUsageDescription = "Need for location";
				INFOPLIST_KEY_NSCameraUsageDescription = "Need for AR";
				INFOPLIST_KEY_UIApplicationSupportsIndirectInputEvents = YES;
				INFOPLIST_KEY_UILaunchScreen_Generation = YES;
				INFOPLIST_KEY_UISupportedInterfaceOrientations_iPad = "UIInterfaceOrientationPortrait UIInterfaceOrientationPortraitUpsideDown UIInterfaceOrientationLandscapeLeft UIInterfaceOrientationLandscapeRight";
				INFOPLIST_KEY_UISupportedInterfaceOrientations_iPhone = "UIInterfaceOrientationPortrait UIInterfaceOrientationLandscapeLeft UIInterfaceOrientationLandscapeRight";
				LD_RUNPATH_SEARCH_PATHS = (
					"$(inherited)",
					"@executable_path/Frameworks",
				);
				MARKETING_VERSION = 1.0;
				PRODUCT_BUNDLE_IDENTIFIER = com.microsoft.iOSARWalking;
				PRODUCT_NAME = "$(TARGET_NAME)";
				SUPPORTED_PLATFORMS = "iphoneos iphonesimulator";
				SUPPORTS_MACCATALYST = NO;
				SUPPORTS_MAC_DESIGNED_FOR_IPHONE_IPAD = NO;
				SUPPORTS_XR_DESIGNED_FOR_IPHONE_IPAD = NO;
				SWIFT_EMIT_LOC_STRINGS = YES;
				SWIFT_VERSION = 5.0;
				TARGETED_DEVICE_FAMILY = "1,2";
			};
			name = Debug;
		};
		ADB58A5D2AACCAE900B540F4 /* Release */ = {
			isa = XCBuildConfiguration;
			buildSettings = {
				ASSETCATALOG_COMPILER_APPICON_NAME = AppIcon;
				ASSETCATALOG_COMPILER_GLOBAL_ACCENT_COLOR_NAME = AccentColor;
				CODE_SIGN_STYLE = Automatic;
				CURRENT_PROJECT_VERSION = 1;
				DEVELOPMENT_ASSET_PATHS = "\"iOSARWalking/Preview Content\"";
				DEVELOPMENT_TEAM = WFYU4A59H8;
				ENABLE_PREVIEWS = YES;
				GENERATE_INFOPLIST_FILE = YES;
				INFOPLIST_FILE = iOSARWalking/Info.plist;
				INFOPLIST_KEY_CFBundleDisplayName = ARWalking;
				INFOPLIST_KEY_NSBluetoothAlwaysUsageDescription = "Need for location";
				INFOPLIST_KEY_NSBluetoothPeripheralUsageDescription = "Need for location";
				INFOPLIST_KEY_NSCameraUsageDescription = "Need for AR";
				INFOPLIST_KEY_UIApplicationSupportsIndirectInputEvents = YES;
				INFOPLIST_KEY_UILaunchScreen_Generation = YES;
				INFOPLIST_KEY_UISupportedInterfaceOrientations_iPad = "UIInterfaceOrientationPortrait UIInterfaceOrientationPortraitUpsideDown UIInterfaceOrientationLandscapeLeft UIInterfaceOrientationLandscapeRight";
				INFOPLIST_KEY_UISupportedInterfaceOrientations_iPhone = "UIInterfaceOrientationPortrait UIInterfaceOrientationLandscapeLeft UIInterfaceOrientationLandscapeRight";
				LD_RUNPATH_SEARCH_PATHS = (
					"$(inherited)",
					"@executable_path/Frameworks",
				);
				MARKETING_VERSION = 1.0;
				PRODUCT_BUNDLE_IDENTIFIER = com.microsoft.iOSARWalking;
				PRODUCT_NAME = "$(TARGET_NAME)";
				SUPPORTED_PLATFORMS = "iphoneos iphonesimulator";
				SUPPORTS_MACCATALYST = NO;
				SUPPORTS_MAC_DESIGNED_FOR_IPHONE_IPAD = NO;
				SUPPORTS_XR_DESIGNED_FOR_IPHONE_IPAD = NO;
				SWIFT_EMIT_LOC_STRINGS = YES;
				SWIFT_VERSION = 5.0;
				TARGETED_DEVICE_FAMILY = "1,2";
			};
			name = Release;
		};
		ADB58A5F2AACCAE900B540F4 /* Debug */ = {
			isa = XCBuildConfiguration;
			buildSettings = {
				ALWAYS_EMBED_SWIFT_STANDARD_LIBRARIES = YES;
				BUNDLE_LOADER = "$(TEST_HOST)";
				CODE_SIGN_STYLE = Automatic;
				CURRENT_PROJECT_VERSION = 1;
				DEVELOPMENT_TEAM = WFYU4A59H8;
				GENERATE_INFOPLIST_FILE = YES;
				IPHONEOS_DEPLOYMENT_TARGET = 16.0;
				MARKETING_VERSION = 1.0;
				PRODUCT_BUNDLE_IDENTIFIER = com.microsoft.iOSARWalkingTests;
				PRODUCT_NAME = "$(TARGET_NAME)";
				SWIFT_EMIT_LOC_STRINGS = NO;
				SWIFT_VERSION = 5.0;
				TARGETED_DEVICE_FAMILY = "1,2";
				TEST_HOST = "$(BUILT_PRODUCTS_DIR)/iOSARWalking.app/$(BUNDLE_EXECUTABLE_FOLDER_PATH)/iOSARWalking";
			};
			name = Debug;
		};
		ADB58A602AACCAE900B540F4 /* Release */ = {
			isa = XCBuildConfiguration;
			buildSettings = {
				ALWAYS_EMBED_SWIFT_STANDARD_LIBRARIES = YES;
				BUNDLE_LOADER = "$(TEST_HOST)";
				CODE_SIGN_STYLE = Automatic;
				CURRENT_PROJECT_VERSION = 1;
				DEVELOPMENT_TEAM = WFYU4A59H8;
				GENERATE_INFOPLIST_FILE = YES;
				IPHONEOS_DEPLOYMENT_TARGET = 16.0;
				MARKETING_VERSION = 1.0;
				PRODUCT_BUNDLE_IDENTIFIER = com.microsoft.iOSARWalkingTests;
				PRODUCT_NAME = "$(TARGET_NAME)";
				SWIFT_EMIT_LOC_STRINGS = NO;
				SWIFT_VERSION = 5.0;
				TARGETED_DEVICE_FAMILY = "1,2";
				TEST_HOST = "$(BUILT_PRODUCTS_DIR)/iOSARWalking.app/$(BUNDLE_EXECUTABLE_FOLDER_PATH)/iOSARWalking";
			};
			name = Release;
		};
		ADB58A622AACCAE900B540F4 /* Debug */ = {
			isa = XCBuildConfiguration;
			buildSettings = {
				ALWAYS_EMBED_SWIFT_STANDARD_LIBRARIES = YES;
				CODE_SIGN_STYLE = Automatic;
				CURRENT_PROJECT_VERSION = 1;
				DEVELOPMENT_TEAM = WFYU4A59H8;
				GENERATE_INFOPLIST_FILE = YES;
				MARKETING_VERSION = 1.0;
				PRODUCT_BUNDLE_IDENTIFIER = com.microsoft.iOSARWalkingUITests;
				PRODUCT_NAME = "$(TARGET_NAME)";
				SWIFT_EMIT_LOC_STRINGS = NO;
				SWIFT_VERSION = 5.0;
				TARGETED_DEVICE_FAMILY = "1,2";
				TEST_TARGET_NAME = iOSARWalking;
			};
			name = Debug;
		};
		ADB58A632AACCAE900B540F4 /* Release */ = {
			isa = XCBuildConfiguration;
			buildSettings = {
				ALWAYS_EMBED_SWIFT_STANDARD_LIBRARIES = YES;
				CODE_SIGN_STYLE = Automatic;
				CURRENT_PROJECT_VERSION = 1;
				DEVELOPMENT_TEAM = WFYU4A59H8;
				GENERATE_INFOPLIST_FILE = YES;
				MARKETING_VERSION = 1.0;
				PRODUCT_BUNDLE_IDENTIFIER = com.microsoft.iOSARWalkingUITests;
				PRODUCT_NAME = "$(TARGET_NAME)";
				SWIFT_EMIT_LOC_STRINGS = NO;
				SWIFT_VERSION = 5.0;
				TARGETED_DEVICE_FAMILY = "1,2";
				TEST_TARGET_NAME = iOSARWalking;
			};
			name = Release;
		};
		ADB58A9E2AACF0C400B540F4 /* Debug */ = {
			isa = XCBuildConfiguration;
			buildSettings = {
				ASSETCATALOG_COMPILER_APPICON_NAME = AppIcon;
				ASSETCATALOG_COMPILER_GLOBAL_ACCENT_COLOR_NAME = AccentColor;
				CODE_SIGN_STYLE = Automatic;
				CURRENT_PROJECT_VERSION = 1;
				DEVELOPMENT_ASSET_PATHS = "\"visionARWalking/Preview Content\"";
				DEVELOPMENT_TEAM = WFYU4A59H8;
				ENABLE_PREVIEWS = YES;
				GENERATE_INFOPLIST_FILE = YES;
				INFOPLIST_KEY_CFBundleDisplayName = ARWalking;
				INFOPLIST_KEY_UIApplicationSceneManifest_Generation = YES;
				LD_RUNPATH_SEARCH_PATHS = (
					"$(inherited)",
					"@executable_path/Frameworks",
				);
				MARKETING_VERSION = 1.0;
				PRODUCT_BUNDLE_IDENTIFIER = com.microsoft.visionARWalking;
				PRODUCT_NAME = "$(TARGET_NAME)";
				SDKROOT = xros;
				SUPPORTED_PLATFORMS = "xros xrsimulator";
				SWIFT_EMIT_LOC_STRINGS = YES;
				SWIFT_VERSION = 5.0;
				TARGETED_DEVICE_FAMILY = "1,2,7";
				XROS_DEPLOYMENT_TARGET = 1.0;
			};
			name = Debug;
		};
		ADB58A9F2AACF0C400B540F4 /* Release */ = {
			isa = XCBuildConfiguration;
			buildSettings = {
				ASSETCATALOG_COMPILER_APPICON_NAME = AppIcon;
				ASSETCATALOG_COMPILER_GLOBAL_ACCENT_COLOR_NAME = AccentColor;
				CODE_SIGN_STYLE = Automatic;
				CURRENT_PROJECT_VERSION = 1;
				DEVELOPMENT_ASSET_PATHS = "\"visionARWalking/Preview Content\"";
				DEVELOPMENT_TEAM = WFYU4A59H8;
				ENABLE_PREVIEWS = YES;
				GENERATE_INFOPLIST_FILE = YES;
				INFOPLIST_KEY_CFBundleDisplayName = ARWalking;
				INFOPLIST_KEY_UIApplicationSceneManifest_Generation = YES;
				LD_RUNPATH_SEARCH_PATHS = (
					"$(inherited)",
					"@executable_path/Frameworks",
				);
				MARKETING_VERSION = 1.0;
				PRODUCT_BUNDLE_IDENTIFIER = com.microsoft.visionARWalking;
				PRODUCT_NAME = "$(TARGET_NAME)";
				SDKROOT = xros;
				SUPPORTED_PLATFORMS = "xros xrsimulator";
				SWIFT_EMIT_LOC_STRINGS = YES;
				SWIFT_VERSION = 5.0;
				TARGETED_DEVICE_FAMILY = "1,2,7";
				XROS_DEPLOYMENT_TARGET = 1.0;
			};
			name = Release;
		};
		ADB58AA12AACF0C400B540F4 /* Debug */ = {
			isa = XCBuildConfiguration;
			buildSettings = {
				ALWAYS_EMBED_SWIFT_STANDARD_LIBRARIES = YES;
				BUNDLE_LOADER = "$(TEST_HOST)";
				CODE_SIGN_STYLE = Automatic;
				CURRENT_PROJECT_VERSION = 1;
				DEVELOPMENT_TEAM = WFYU4A59H8;
				GENERATE_INFOPLIST_FILE = YES;
				MARKETING_VERSION = 1.0;
				PRODUCT_BUNDLE_IDENTIFIER = com.microsoft.visionARWalkingTests;
				PRODUCT_NAME = "$(TARGET_NAME)";
				SDKROOT = xros;
				SUPPORTED_PLATFORMS = "xros xrsimulator";
				SWIFT_EMIT_LOC_STRINGS = NO;
				SWIFT_VERSION = 5.0;
				TARGETED_DEVICE_FAMILY = "1,2,7";
				TEST_HOST = "$(BUILT_PRODUCTS_DIR)/visioniOSARWalking.app/$(BUNDLE_EXECUTABLE_FOLDER_PATH)/visioniOSARWalking";
				XROS_DEPLOYMENT_TARGET = 1.0;
			};
			name = Debug;
		};
		ADB58AA22AACF0C400B540F4 /* Release */ = {
			isa = XCBuildConfiguration;
			buildSettings = {
				ALWAYS_EMBED_SWIFT_STANDARD_LIBRARIES = YES;
				BUNDLE_LOADER = "$(TEST_HOST)";
				CODE_SIGN_STYLE = Automatic;
				CURRENT_PROJECT_VERSION = 1;
				DEVELOPMENT_TEAM = WFYU4A59H8;
				GENERATE_INFOPLIST_FILE = YES;
				MARKETING_VERSION = 1.0;
				PRODUCT_BUNDLE_IDENTIFIER = com.microsoft.visionARWalkingTests;
				PRODUCT_NAME = "$(TARGET_NAME)";
				SDKROOT = xros;
				SUPPORTED_PLATFORMS = "xros xrsimulator";
				SWIFT_EMIT_LOC_STRINGS = NO;
				SWIFT_VERSION = 5.0;
				TARGETED_DEVICE_FAMILY = "1,2,7";
				TEST_HOST = "$(BUILT_PRODUCTS_DIR)/visioniOSARWalking.app/$(BUNDLE_EXECUTABLE_FOLDER_PATH)/visioniOSARWalking";
				XROS_DEPLOYMENT_TARGET = 1.0;
			};
			name = Release;
		};
/* End XCBuildConfiguration section */

/* Begin XCConfigurationList section */
		ADB58A322AACCAE600B540F4 /* Build configuration list for PBXProject "ARWalking" */ = {
			isa = XCConfigurationList;
			buildConfigurations = (
				ADB58A592AACCAE900B540F4 /* Debug */,
				ADB58A5A2AACCAE900B540F4 /* Release */,
			);
			defaultConfigurationIsVisible = 0;
			defaultConfigurationName = Release;
		};
		ADB58A5B2AACCAE900B540F4 /* Build configuration list for PBXNativeTarget "iOSARWalking" */ = {
			isa = XCConfigurationList;
			buildConfigurations = (
				ADB58A5C2AACCAE900B540F4 /* Debug */,
				ADB58A5D2AACCAE900B540F4 /* Release */,
			);
			defaultConfigurationIsVisible = 0;
			defaultConfigurationName = Release;
		};
		ADB58A5E2AACCAE900B540F4 /* Build configuration list for PBXNativeTarget "iOSARWalkingTests" */ = {
			isa = XCConfigurationList;
			buildConfigurations = (
				ADB58A5F2AACCAE900B540F4 /* Debug */,
				ADB58A602AACCAE900B540F4 /* Release */,
			);
			defaultConfigurationIsVisible = 0;
			defaultConfigurationName = Release;
		};
		ADB58A612AACCAE900B540F4 /* Build configuration list for PBXNativeTarget "iOSARWalkingUITests" */ = {
			isa = XCConfigurationList;
			buildConfigurations = (
				ADB58A622AACCAE900B540F4 /* Debug */,
				ADB58A632AACCAE900B540F4 /* Release */,
			);
			defaultConfigurationIsVisible = 0;
			defaultConfigurationName = Release;
		};
		ADB58A9D2AACF0C400B540F4 /* Build configuration list for PBXNativeTarget "visioniOSARWalking" */ = {
			isa = XCConfigurationList;
			buildConfigurations = (
				ADB58A9E2AACF0C400B540F4 /* Debug */,
				ADB58A9F2AACF0C400B540F4 /* Release */,
			);
			defaultConfigurationIsVisible = 0;
			defaultConfigurationName = Release;
		};
		ADB58AA02AACF0C400B540F4 /* Build configuration list for PBXNativeTarget "visioniOSARWalkingTests" */ = {
			isa = XCConfigurationList;
			buildConfigurations = (
				ADB58AA12AACF0C400B540F4 /* Debug */,
				ADB58AA22AACF0C400B540F4 /* Release */,
			);
			defaultConfigurationIsVisible = 0;
			defaultConfigurationName = Release;
		};
/* End XCConfigurationList section */

/* Begin XCSwiftPackageProductDependency section */
		ADB58A842AACF0C000B540F4 /* RealityKitContent */ = {
			isa = XCSwiftPackageProductDependency;
			productName = RealityKitContent;
		};
/* End XCSwiftPackageProductDependency section */
	};
	rootObject = ADB58A2F2AACCAE600B540F4 /* Project object */;
}
